
Microsoft Visual Studio Solution File, Format Version 12.00
# Visual Studio Version 16
VisualStudioVersion = 16.0.30503.244
MinimumVisualStudioVersion = 10.0.40219.1
Project("{FAE04EC0-301F-11D3-BF4B-00C04F79EFBC}") = "SmallPDF", "SmallPDF.csproj", "{7E4291AC-6CE8-4D73-8E37-6986EA686BD9}"
EndProject
Project("{FAE04EC0-301F-11D3-BF4B-00C04F79EFBC}") = "SmallPDF.Tests", "..\SmallPDF.Tests\SmallPDF.Tests.csproj", "{302771B0-69D6-40FC-82CE-5AC3EB891E09}"
EndProject
Global
	GlobalSection(SolutionConfigurationPlatforms) = preSolution
		Debug|Any CPU = Debug|Any CPU
		Release|Any CPU = Release|Any CPU
	EndGlobalSection
	GlobalSection(ProjectConfigurationPlatforms) = postSolution
		{7E4291AC-6CE8-4D73-8E37-6986EA686BD9}.Debug|Any CPU.ActiveCfg = Debug|Any CPU
		{7E4291AC-6CE8-4D73-8E37-6986EA686BD9}.Debug|Any CPU.Build.0 = Debug|Any CPU
		{7E4291AC-6CE8-4D73-8E37-6986EA686BD9}.Release|Any CPU.ActiveCfg = Release|Any CPU
		{7E4291AC-6CE8-4D73-8E37-6986EA686BD9}.Release|Any CPU.Build.0 = Release|Any CPU
		{302771B0-69D6-40FC-82CE-5AC3EB891E09}.Debug|Any CPU.ActiveCfg = Debug|Any CPU
		{302771B0-69D6-40FC-82CE-5AC3EB891E09}.Debug|Any CPU.Build.0 = Debug|Any CPU
		{302771B0-69D6-40FC-82CE-5AC3EB891E09}.Release|Any CPU.ActiveCfg = Release|Any CPU
		{302771B0-69D6-40FC-82CE-5AC3EB891E09}.Release|Any CPU.Build.0 = Release|Any CPU
	EndGlobalSection
	GlobalSection(SolutionProperties) = preSolution
		HideSolutionNode = FALSE
	EndGlobalSection
	GlobalSection(ExtensibilityGlobals) = postSolution
		SolutionGuid = {1A5EBC7D-427D-49FF-AE23-5EC309D7236D}
	EndGlobalSection
EndGlobal
